PODS:
  - awesome_notifications (0.0.1):
    - FlutterMacOS
  - CocoaAsyncSocket (7.6.5)
  - FlutterMacOS (1.0.0)
  - path_provider_foundation (0.0.1):
    - Flutter
    - FlutterMacOS
  - patrol (0.0.1):
    - CocoaAsyncSocket (~> 7.6)
    - Flutter
    - FlutterMacOS

DEPENDENCIES:
  - awesome_notifications (from `Flutter/ephemeral/.symlinks/plugins/awesome_notifications/macos`)
  - FlutterMacOS (from `Flutter/ephemeral`)
  - path_provider_foundation (from `Flutter/ephemeral/.symlinks/plugins/path_provider_foundation/darwin`)
  - patrol (from `Flutter/ephemeral/.symlinks/plugins/patrol/darwin`)

SPEC REPOS:
  trunk:
    - CocoaAsyncSocket

EXTERNAL SOURCES:
  awesome_notifications:
    :path: Flutter/ephemeral/.symlinks/plugins/awesome_notifications/macos
  FlutterMacOS:
    :path: Flutter/ephemeral
  path_provider_foundation:
    :path: Flutter/ephemeral/.symlinks/plugins/path_provider_foundation/darwin
  patrol:
    :path: Flutter/ephemeral/.symlinks/plugins/patrol/darwin

SPEC CHECKSUMS:
  awesome_notifications: 7818a3dbad4836238a68df439c06981d9f0b276c
  CocoaAsyncSocket: 065fd1e645c7abab64f7a6a2007a48038fdc6a99
  FlutterMacOS: 8f6f14fa908a6fb3fba0cd85dbd81ec4b251fb24
  path_provider_foundation: 080d55be775b7414fd5a5ef3ac137b97b097e564
  patrol: 5df5d241d7f95f0df12a6906bbf45acb43a1e537

PODFILE CHECKSUM: 7eb978b976557c8c1cd717d8185ec483fd090a82

COCOAPODS: 1.16.2
